// !$*UTF8*$!
{
	archiveVersion = 1;
	classes = {
	};
	objectVersion = 54;
	objects = {

/* Begin PBXBuildFile section */
		0D96C35F2DF86A2500C97743 /* DittoObjC in Frameworks */ = {isa = PBXBuildFile; productRef = 0D96C35E2DF86A2500C97743 /* DittoObjC */; };
		0D96C3612DF86A2500C97743 /* DittoSwift in Frameworks */ = {isa = PBXBuildFile; productRef = 0D96C3602DF86A2500C97743 /* DittoSwift */; };
		0EC95D252B0BE9D8006A35A0 /* DittoDataBrowser in Frameworks */ = {isa = PBXBuildFile; productRef = 0EC95D242B0BE9D8006A35A0 /* DittoDataBrowser */; };
		0EC95D272B0BE9D8006A35A0 /* DittoDiskUsage in Frameworks */ = {isa = PBXBuildFile; productRef = 0EC95D262B0BE9D8006A35A0 /* DittoDiskUsage */; };
		0EC95D2B2B0BE9D8006A35A0 /* DittoExportLogs in Frameworks */ = {isa = PBXBuildFile; productRef = 0EC95D2A2B0BE9D8006A35A0 /* DittoExportLogs */; };
		0EC95D2F2B0BE9D8006A35A0 /* DittoPresenceViewer in Frameworks */ = {isa = PBXBuildFile; productRef = 0EC95D2E2B0BE9D8006A35A0 /* DittoPresenceViewer */; };
		11C249E62DC37DB3009B65AA /* DittoAllToolsMenu in Frameworks */ = {isa = PBXBuildFile; productRef = 11C249E52DC37DB3009B65AA /* DittoAllToolsMenu */; };
		CC371EF429794A9700430C6F /* DittoManager.swift in Sources */ = {isa = PBXBuildFile; fileRef = CC371EF329794A9700430C6F /* DittoManager.swift */; };
		CC371EF62979573200430C6F /* ItemDittoModel.swift in Sources */ = {isa = PBXBuildFile; fileRef = CC371EF52979573200430C6F /* ItemDittoModel.swift */; };
		CC481D6C24B073230007C4D2 /* DittoSDKInfoViewController.swift in Sources */ = {isa = PBXBuildFile; fileRef = CC481D5E24B073230007C4D2 /* DittoSDKInfoViewController.swift */; };
		CC481D6D24B073230007C4D2 /* DittoInfoViewController.swift in Sources */ = {isa = PBXBuildFile; fileRef = CC481D5F24B073230007C4D2 /* DittoInfoViewController.swift */; };
		CC481D6E24B073230007C4D2 /* DittoInfoView.storyboard in Resources */ = {isa = PBXBuildFile; fileRef = CC481D6024B073230007C4D2 /* DittoInfoView.storyboard */; };
		CC626BF7298A655B0065E143 /* Env.swift in Sources */ = {isa = PBXBuildFile; fileRef = CC626BF6298A655B0065E143 /* Env.swift */; };
		CCD3A728297EA27F00A7EFED /* Extensions.swift in Sources */ = {isa = PBXBuildFile; fileRef = CCD3A727297EA27F00A7EFED /* Extensions.swift */; };
		CCE8646529E59037007D822C /* Cartography in Frameworks */ = {isa = PBXBuildFile; productRef = CCE8646429E59037007D822C /* Cartography */; };
		CCF7CB1824FED62300B5ED70 /* BackgroundSync.swift in Sources */ = {isa = PBXBuildFile; fileRef = CCF7CB1724FED62300B5ED70 /* BackgroundSync.swift */; };
		E32461EA20E47D400006C628 /* MainViewController.swift in Sources */ = {isa = PBXBuildFile; fileRef = E32461E920E47D400006C628 /* MainViewController.swift */; };
		E32461EC20E47DFC0006C628 /* Constants.swift in Sources */ = {isa = PBXBuildFile; fileRef = E32461EB20E47DFC0006C628 /* Constants.swift */; };
		E32461F020E488560006C628 /* ItemTableViewCell.swift in Sources */ = {isa = PBXBuildFile; fileRef = E32461EF20E488560006C628 /* ItemTableViewCell.swift */; };
		E3ED324020E439FD005FC8B1 /* AppDelegate.swift in Sources */ = {isa = PBXBuildFile; fileRef = E3ED323F20E439FD005FC8B1 /* AppDelegate.swift */; };
		E3ED324720E439FE005FC8B1 /* Assets.xcassets in Resources */ = {isa = PBXBuildFile; fileRef = E3ED324620E439FE005FC8B1 /* Assets.xcassets */; };
		E3ED324A20E439FE005FC8B1 /* LaunchScreen.storyboard in Resources */ = {isa = PBXBuildFile; fileRef = E3ED324820E439FE005FC8B1 /* LaunchScreen.storyboard */; };
/* End PBXBuildFile section */

/* Begin PBXFileReference section */
		CC371EF329794A9700430C6F /* DittoManager.swift */ = {isa = PBXFileReference; lastKnownFileType = sourcecode.swift; path = DittoManager.swift; sourceTree = "<group>"; };
		CC371EF52979573200430C6F /* ItemDittoModel.swift */ = {isa = PBXFileReference; lastKnownFileType = sourcecode.swift; path = ItemDittoModel.swift; sourceTree = "<group>"; };
		CC481D5E24B073230007C4D2 /* DittoSDKInfoViewController.swift */ = {isa = PBXFileReference; fileEncoding = 4; lastKnownFileType = sourcecode.swift; path = DittoSDKInfoViewController.swift; sourceTree = "<group>"; };
		CC481D5F24B073230007C4D2 /* DittoInfoViewController.swift */ = {isa = PBXFileReference; fileEncoding = 4; lastKnownFileType = sourcecode.swift; path = DittoInfoViewController.swift; sourceTree = "<group>"; };
		CC481D6024B073230007C4D2 /* DittoInfoView.storyboard */ = {isa = PBXFileReference; fileEncoding = 4; lastKnownFileType = file.storyboard; path = DittoInfoView.storyboard; sourceTree = "<group>"; };
		CC626BF6298A655B0065E143 /* Env.swift */ = {isa = PBXFileReference; fileEncoding = 4; lastKnownFileType = sourcecode.swift; path = Env.swift; sourceTree = "<group>"; };
		CCD3A727297EA27F00A7EFED /* Extensions.swift */ = {isa = PBXFileReference; lastKnownFileType = sourcecode.swift; path = Extensions.swift; sourceTree = "<group>"; };
		CCF7CB1724FED62300B5ED70 /* BackgroundSync.swift */ = {isa = PBXFileReference; lastKnownFileType = sourcecode.swift; path = BackgroundSync.swift; sourceTree = "<group>"; };
		E32461E920E47D400006C628 /* MainViewController.swift */ = {isa = PBXFileReference; lastKnownFileType = sourcecode.swift; path = MainViewController.swift; sourceTree = "<group>"; };
		E32461EB20E47DFC0006C628 /* Constants.swift */ = {isa = PBXFileReference; lastKnownFileType = sourcecode.swift; path = Constants.swift; sourceTree = "<group>"; };
		E32461EF20E488560006C628 /* ItemTableViewCell.swift */ = {isa = PBXFileReference; lastKnownFileType = sourcecode.swift; path = ItemTableViewCell.swift; sourceTree = "<group>"; };
		E3ED323C20E439FD005FC8B1 /* Inventory.app */ = {isa = PBXFileReference; explicitFileType = wrapper.application; includeInIndex = 0; path = Inventory.app; sourceTree = BUILT_PRODUCTS_DIR; };
		E3ED323F20E439FD005FC8B1 /* AppDelegate.swift */ = {isa = PBXFileReference; lastKnownFileType = sourcecode.swift; path = AppDelegate.swift; sourceTree = "<group>"; };
		E3ED324620E439FE005FC8B1 /* Assets.xcassets */ = {isa = PBXFileReference; lastKnownFileType = folder.assetcatalog; path = Assets.xcassets; sourceTree = "<group>"; };
		E3ED324920E439FE005FC8B1 /* Base */ = {isa = PBXFileReference; lastKnownFileType = file.storyboard; name = Base; path = Base.lproj/LaunchScreen.storyboard; sourceTree = "<group>"; };
		E3ED324B20E439FF005FC8B1 /* Info.plist */ = {isa = PBXFileReference; lastKnownFileType = text.plist.xml; path = Info.plist; sourceTree = "<group>"; };
/* End PBXFileReference section */

/* Begin PBXFrameworksBuildPhase section */
		E3ED323920E439FD005FC8B1 /* Frameworks */ = {
			isa = PBXFrameworksBuildPhase;
			buildActionMask = 2147483647;
			files = (
				0EC95D272B0BE9D8006A35A0 /* DittoDiskUsage in Frameworks */,
				0EC95D2B2B0BE9D8006A35A0 /* DittoExportLogs in Frameworks */,
				0EC95D252B0BE9D8006A35A0 /* DittoDataBrowser in Frameworks */,
				0D96C3612DF86A2500C97743 /* DittoSwift in Frameworks */,
				11C249E62DC37DB3009B65AA /* DittoAllToolsMenu in Frameworks */,
				CCE8646529E59037007D822C /* Cartography in Frameworks */,
				0EC95D2F2B0BE9D8006A35A0 /* DittoPresenceViewer in Frameworks */,
				0D96C35F2DF86A2500C97743 /* DittoObjC in Frameworks */,
			);
			runOnlyForDeploymentPostprocessing = 0;
		};
/* End PBXFrameworksBuildPhase section */

/* Begin PBXGroup section */
		0EC95D1C2B0BDE16006A35A0 /* Frameworks */ = {
			isa = PBXGroup;
			children = (
			);
			name = Frameworks;
			sourceTree = "<group>";
		};
		CC481D5D24B073230007C4D2 /* DittoInfoView */ = {
			isa = PBXGroup;
			children = (
				CC481D5E24B073230007C4D2 /* DittoSDKInfoViewController.swift */,
				CC481D5F24B073230007C4D2 /* DittoInfoViewController.swift */,
				CC481D6024B073230007C4D2 /* DittoInfoView.storyboard */,
				CCF7CB1724FED62300B5ED70 /* BackgroundSync.swift */,
			);
			path = DittoInfoView;
			sourceTree = "<group>";
		};
		E3ED323320E439FD005FC8B1 = {
			isa = PBXGroup;
			children = (
				E3ED323E20E439FD005FC8B1 /* Inventory */,
				E3ED323D20E439FD005FC8B1 /* Products */,
				0EC95D1C2B0BDE16006A35A0 /* Frameworks */,
			);
			sourceTree = "<group>";
		};
		E3ED323D20E439FD005FC8B1 /* Products */ = {
			isa = PBXGroup;
			children = (
				E3ED323C20E439FD005FC8B1 /* Inventory.app */,
			);
			name = Products;
			sourceTree = "<group>";
		};
		E3ED323E20E439FD005FC8B1 /* Inventory */ = {
			isa = PBXGroup;
			children = (
				CC481D5D24B073230007C4D2 /* DittoInfoView */,
				E3ED323F20E439FD005FC8B1 /* AppDelegate.swift */,
				E3ED324620E439FE005FC8B1 /* Assets.xcassets */,
				E3ED324820E439FE005FC8B1 /* LaunchScreen.storyboard */,
				E3ED324B20E439FF005FC8B1 /* Info.plist */,
				E32461E920E47D400006C628 /* MainViewController.swift */,
				E32461EB20E47DFC0006C628 /* Constants.swift */,
				E32461EF20E488560006C628 /* ItemTableViewCell.swift */,
				CC371EF329794A9700430C6F /* DittoManager.swift */,
				CC371EF52979573200430C6F /* ItemDittoModel.swift */,
				CCD3A727297EA27F00A7EFED /* Extensions.swift */,
				CC626BF6298A655B0065E143 /* Env.swift */,
			);
			path = Inventory;
			sourceTree = "<group>";
		};
/* End PBXGroup section */

/* Begin PBXNativeTarget section */
		E3ED323B20E439FD005FC8B1 /* Inventory */ = {
			isa = PBXNativeTarget;
			buildConfigurationList = E3ED324E20E439FF005FC8B1 /* Build configuration list for PBXNativeTarget "Inventory" */;
			buildPhases = (
				CCE28738298A561F00BAFC48 /* Generate Env.swift */,
				E3ED323820E439FD005FC8B1 /* Sources */,
				E3ED323920E439FD005FC8B1 /* Frameworks */,
				E3ED323A20E439FD005FC8B1 /* Resources */,
			);
			buildRules = (
			);
			dependencies = (
			);
			name = Inventory;
			packageProductDependencies = (
				CCE8646429E59037007D822C /* Cartography */,
				0EC95D242B0BE9D8006A35A0 /* DittoDataBrowser */,
				0EC95D262B0BE9D8006A35A0 /* DittoDiskUsage */,
				0EC95D2A2B0BE9D8006A35A0 /* DittoExportLogs */,
				0EC95D2E2B0BE9D8006A35A0 /* DittoPresenceViewer */,
				11C249E52DC37DB3009B65AA /* DittoAllToolsMenu */,
				0D96C35E2DF86A2500C97743 /* DittoObjC */,
				0D96C3602DF86A2500C97743 /* DittoSwift */,
			);
			productName = Inventory;
			productReference = E3ED323C20E439FD005FC8B1 /* Inventory.app */;
			productType = "com.apple.product-type.application";
		};
/* End PBXNativeTarget section */

/* Begin PBXProject section */
		E3ED323420E439FD005FC8B1 /* Project object */ = {
			isa = PBXProject;
			attributes = {
				LastSwiftUpdateCheck = 0940;
				LastUpgradeCheck = 0940;
				ORGANIZATIONNAME = Ditto;
				TargetAttributes = {
					E3ED323B20E439FD005FC8B1 = {
						CreatedOnToolsVersion = 9.4;
						SystemCapabilities = {
							com.apple.BackgroundModes = {
								enabled = 1;
							};
						};
					};
				};
			};
			buildConfigurationList = E3ED323720E439FD005FC8B1 /* Build configuration list for PBXProject "Inventory" */;
			compatibilityVersion = "Xcode 9.3";
			developmentRegion = en;
			hasScannedForEncodings = 0;
			knownRegions = (
				en,
				Base,
			);
			mainGroup = E3ED323320E439FD005FC8B1;
			packageReferences = (
				CCE8646329E59037007D822C /* XCRemoteSwiftPackageReference "Cartography" */,
				0EC95D232B0BE9D8006A35A0 /* XCRemoteSwiftPackageReference "DittoSwiftTools" */,
				0D96C35D2DF86A2500C97743 /* XCRemoteSwiftPackageReference "DittoSwiftPackage" */,
			);
			productRefGroup = E3ED323D20E439FD005FC8B1 /* Products */;
			projectDirPath = "";
			projectRoot = "";
			targets = (
				E3ED323B20E439FD005FC8B1 /* Inventory */,
			);
		};
/* End PBXProject section */

/* Begin PBXResourcesBuildPhase section */
		E3ED323A20E439FD005FC8B1 /* Resources */ = {
			isa = PBXResourcesBuildPhase;
			buildActionMask = 2147483647;
			files = (
				CC481D6E24B073230007C4D2 /* DittoInfoView.storyboard in Resources */,
				E3ED324A20E439FE005FC8B1 /* LaunchScreen.storyboard in Resources */,
				E3ED324720E439FE005FC8B1 /* Assets.xcassets in Resources */,
			);
			runOnlyForDeploymentPostprocessing = 0;
		};
/* End PBXResourcesBuildPhase section */

/* Begin PBXShellScriptBuildPhase section */
		CCE28738298A561F00BAFC48 /* Generate Env.swift */ = {
			isa = PBXShellScriptBuildPhase;
			alwaysOutOfDate = 1;
			buildActionMask = 2147483647;
			files = (
			);
			inputFileListPaths = (
			);
			inputPaths = (
				"$(SRCROOT)/buildEnv.sh",
				"$(SRCROOT)/../.env",
			);
			name = "Generate Env.swift";
			outputFileListPaths = (
			);
			outputPaths = (
			"$(SRCROOT)/Inventory/Env.swift",
			);
			runOnlyForDeploymentPostprocessing = 0;
			shellPath = /bin/sh;
			shellScript = "\"${SRCROOT}/buildEnv.sh\" \"${SRCROOT}/../.env\" \"${SRCROOT}/${PROJECT}\"\n";
		};
/* End PBXShellScriptBuildPhase section */

/* Begin PBXSourcesBuildPhase section */
		E3ED323820E439FD005FC8B1 /* Sources */ = {
			isa = PBXSourcesBuildPhase;
			buildActionMask = 2147483647;
			files = (
				CC481D6C24B073230007C4D2 /* DittoSDKInfoViewController.swift in Sources */,
				E32461EA20E47D400006C628 /* MainViewController.swift in Sources */,
				E3ED324020E439FD005FC8B1 /* AppDelegate.swift in Sources */,
				CCF7CB1824FED62300B5ED70 /* BackgroundSync.swift in Sources */,
				CC371EF62979573200430C6F /* ItemDittoModel.swift in Sources */,
				CCD3A728297EA27F00A7EFED /* Extensions.swift in Sources */,
				E32461F020E488560006C628 /* ItemTableViewCell.swift in Sources */,
				E32461EC20E47DFC0006C628 /* Constants.swift in Sources */,
				CC481D6D24B073230007C4D2 /* DittoInfoViewController.swift in Sources */,
				CC371EF429794A9700430C6F /* DittoManager.swift in Sources */,
				CC626BF7298A655B0065E143 /* Env.swift in Sources */,
			);
			runOnlyForDeploymentPostprocessing = 0;
		};
/* End PBXSourcesBuildPhase section */

/* Begin PBXVariantGroup section */
		E3ED324820E439FE005FC8B1 /* LaunchScreen.storyboard */ = {
			isa = PBXVariantGroup;
			children = (
				E3ED324920E439FE005FC8B1 /* Base */,
			);
			name = LaunchScreen.storyboard;
			sourceTree = "<group>";
		};
/* End PBXVariantGroup section */

/* Begin XCBuildConfiguration section */
		E3ED324C20E439FF005FC8B1 /* Debug */ = {
			isa = XCBuildConfiguration;
			buildSettings = {
				ALWAYS_SEARCH_USER_PATHS = NO;
				CLANG_ANALYZER_NONNULL = YES;
				CLANG_ANALYZER_NUMBER_OBJECT_CONVERSION = YES_AGGRESSIVE;
				CLANG_CXX_LANGUAGE_STANDARD = "gnu++14";
				CLANG_CXX_LIBRARY = "libc++";
				CLANG_ENABLE_MODULES = YES;
				CLANG_ENABLE_OBJC_ARC = YES;
				CLANG_ENABLE_OBJC_WEAK = YES;
				CLANG_WARN_BLOCK_CAPTURE_AUTORELEASING = YES;
				CLANG_WARN_BOOL_CONVERSION = YES;
				CLANG_WARN_COMMA = YES;
				CLANG_WARN_CONSTANT_CONVERSION = YES;
				CLANG_WARN_DEPRECATED_OBJC_IMPLEMENTATIONS = YES;
				CLANG_WARN_DIRECT_OBJC_ISA_USAGE = YES_ERROR;
				CLANG_WARN_DOCUMENTATION_COMMENTS = YES;
				CLANG_WARN_EMPTY_BODY = YES;
				CLANG_WARN_ENUM_CONVERSION = YES;
				CLANG_WARN_INFINITE_RECURSION = YES;
				CLANG_WARN_INT_CONVERSION = YES;
				CLANG_WARN_NON_LITERAL_NULL_CONVERSION = YES;
				CLANG_WARN_OBJC_IMPLICIT_RETAIN_SELF = YES;
				CLANG_WARN_OBJC_LITERAL_CONVERSION = YES;
				CLANG_WARN_OBJC_ROOT_CLASS = YES_ERROR;
				CLANG_WARN_RANGE_LOOP_ANALYSIS = YES;
				CLANG_WARN_STRICT_PROTOTYPES = YES;
				CLANG_WARN_SUSPICIOUS_MOVE = YES;
				CLANG_WARN_UNGUARDED_AVAILABILITY = YES_AGGRESSIVE;
				CLANG_WARN_UNREACHABLE_CODE = YES;
				CLANG_WARN__DUPLICATE_METHOD_MATCH = YES;
				CODE_SIGN_IDENTITY = "iPhone Developer";
				COPY_PHASE_STRIP = NO;
				DEBUG_INFORMATION_FORMAT = dwarf;
				ENABLE_BITCODE = NO;
				ENABLE_STRICT_OBJC_MSGSEND = YES;
				ENABLE_TESTABILITY = YES;
				GCC_C_LANGUAGE_STANDARD = gnu11;
				GCC_DYNAMIC_NO_PIC = NO;
				GCC_NO_COMMON_BLOCKS = YES;
				GCC_OPTIMIZATION_LEVEL = 0;
				GCC_PREPROCESSOR_DEFINITIONS = (
					"DEBUG=1",
					"$(inherited)",
				);
				GCC_WARN_64_TO_32_BIT_CONVERSION = YES;
				GCC_WARN_ABOUT_RETURN_TYPE = YES_ERROR;
				GCC_WARN_UNDECLARED_SELECTOR = YES;
				GCC_WARN_UNINITIALIZED_AUTOS = YES_AGGRESSIVE;
				GCC_WARN_UNUSED_FUNCTION = YES;
				GCC_WARN_UNUSED_VARIABLE = YES;
				IPHONEOS_DEPLOYMENT_TARGET = 15.0;
				MTL_ENABLE_DEBUG_INFO = YES;
				ONLY_ACTIVE_ARCH = YES;
				SDKROOT = iphoneos;
				SWIFT_ACTIVE_COMPILATION_CONDITIONS = DEBUG;
				SWIFT_OPTIMIZATION_LEVEL = "-Onone";
			};
			name = Debug;
		};
		E3ED324D20E439FF005FC8B1 /* Release */ = {
			isa = XCBuildConfiguration;
			buildSettings = {
				ALWAYS_SEARCH_USER_PATHS = NO;
				CLANG_ANALYZER_NONNULL = YES;
				CLANG_ANALYZER_NUMBER_OBJECT_CONVERSION = YES_AGGRESSIVE;
				CLANG_CXX_LANGUAGE_STANDARD = "gnu++14";
				CLANG_CXX_LIBRARY = "libc++";
				CLANG_ENABLE_MODULES = YES;
				CLANG_ENABLE_OBJC_ARC = YES;
				CLANG_ENABLE_OBJC_WEAK = YES;
				CLANG_WARN_BLOCK_CAPTURE_AUTORELEASING = YES;
				CLANG_WARN_BOOL_CONVERSION = YES;
				CLANG_WARN_COMMA = YES;
				CLANG_WARN_CONSTANT_CONVERSION = YES;
				CLANG_WARN_DEPRECATED_OBJC_IMPLEMENTATIONS = YES;
				CLANG_WARN_DIRECT_OBJC_ISA_USAGE = YES_ERROR;
				CLANG_WARN_DOCUMENTATION_COMMENTS = YES;
				CLANG_WARN_EMPTY_BODY = YES;
				CLANG_WARN_ENUM_CONVERSION = YES;
				CLANG_WARN_INFINITE_RECURSION = YES;
				CLANG_WARN_INT_CONVERSION = YES;
				CLANG_WARN_NON_LITERAL_NULL_CONVERSION = YES;
				CLANG_WARN_OBJC_IMPLICIT_RETAIN_SELF = YES;
				CLANG_WARN_OBJC_LITERAL_CONVERSION = YES;
				CLANG_WARN_OBJC_ROOT_CLASS = YES_ERROR;
				CLANG_WARN_RANGE_LOOP_ANALYSIS = YES;
				CLANG_WARN_STRICT_PROTOTYPES = YES;
				CLANG_WARN_SUSPICIOUS_MOVE = YES;
				CLANG_WARN_UNGUARDED_AVAILABILITY = YES_AGGRESSIVE;
				CLANG_WARN_UNREACHABLE_CODE = YES;
				CLANG_WARN__DUPLICATE_METHOD_MATCH = YES;
				CODE_SIGN_IDENTITY = "iPhone Developer";
				COPY_PHASE_STRIP = NO;
				DEBUG_INFORMATION_FORMAT = "dwarf-with-dsym";
				ENABLE_BITCODE = NO;
				ENABLE_NS_ASSERTIONS = NO;
				ENABLE_STRICT_OBJC_MSGSEND = YES;
				GCC_C_LANGUAGE_STANDARD = gnu11;
				GCC_NO_COMMON_BLOCKS = YES;
				GCC_WARN_64_TO_32_BIT_CONVERSION = YES;
				GCC_WARN_ABOUT_RETURN_TYPE = YES_ERROR;
				GCC_WARN_UNDECLARED_SELECTOR = YES;
				GCC_WARN_UNINITIALIZED_AUTOS = YES_AGGRESSIVE;
				GCC_WARN_UNUSED_FUNCTION = YES;
				GCC_WARN_UNUSED_VARIABLE = YES;
				IPHONEOS_DEPLOYMENT_TARGET = 15.0;
				MTL_ENABLE_DEBUG_INFO = NO;
				SDKROOT = iphoneos;
				SWIFT_COMPILATION_MODE = wholemodule;
				SWIFT_OPTIMIZATION_LEVEL = "-O";
				VALIDATE_PRODUCT = YES;
			};
			name = Release;
		};
		E3ED324F20E439FF005FC8B1 /* Debug */ = {
			isa = XCBuildConfiguration;
			buildSettings = {
				ASSETCATALOG_COMPILER_APPICON_NAME = AppIcon;
				CODE_SIGN_IDENTITY = "iPhone Developer";
				CODE_SIGN_STYLE = Automatic;
				CURRENT_PROJECT_VERSION = 1;
				DEBUG_INFORMATION_FORMAT = "dwarf-with-dsym";
				DEVELOPMENT_TEAM = "";
				ENABLE_BITCODE = NO;
				FRAMEWORK_SEARCH_PATHS = (
					"$(inherited)",
					"$(PROJECT_DIR)",
				);
				INFOPLIST_FILE = Inventory/Info.plist;
				IPHONEOS_DEPLOYMENT_TARGET = 15.0;
				LD_RUNPATH_SEARCH_PATHS = (
					"$(inherited)",
					"@executable_path/Frameworks",
				);
				MARKETING_VERSION = 2.0.3;
				PRODUCT_BUNDLE_IDENTIFIER = com.dittolive.InventoryP2PTest;
				PRODUCT_NAME = "$(TARGET_NAME)";
				PROVISIONING_PROFILE_SPECIFIER = "";
				SWIFT_VERSION = 5.0;
				TARGETED_DEVICE_FAMILY = "1,2";
			};
			name = Debug;
		};
		E3ED325020E439FF005FC8B1 /* Release */ = {
			isa = XCBuildConfiguration;
			buildSettings = {
				ASSETCATALOG_COMPILER_APPICON_NAME = AppIcon;
				CODE_SIGN_IDENTITY = "iPhone Distribution";
				"CODE_SIGN_IDENTITY[sdk=iphoneos*]" = "iPhone Developer";
				CODE_SIGN_STYLE = Manual;
				CURRENT_PROJECT_VERSION = 1;
				DEVELOPMENT_TEAM = 3T2VMFZPPQ;
				"DEVELOPMENT_TEAM[sdk=iphoneos*]" = 3T2VMFZPPQ;
				ENABLE_BITCODE = NO;
				FRAMEWORK_SEARCH_PATHS = (
					"$(inherited)",
					"$(PROJECT_DIR)",
				);
				INFOPLIST_FILE = Inventory/Info.plist;
				IPHONEOS_DEPLOYMENT_TARGET = 15.0;
				LD_RUNPATH_SEARCH_PATHS = (
					"$(inherited)",
					"@executable_path/Frameworks",
				);
				MARKETING_VERSION = 2.0.3;
				PRODUCT_BUNDLE_IDENTIFIER = com.dittolive.InventoryP2PTest;
				PRODUCT_NAME = "$(TARGET_NAME)";
				PROVISIONING_PROFILE_SPECIFIER = "match AppStore *";
				"PROVISIONING_PROFILE_SPECIFIER[sdk=iphoneos*]" = "match AppStore * 1718532340";
				SWIFT_VERSION = 5.0;
				TARGETED_DEVICE_FAMILY = "1,2";
			};
			name = Release;
		};
/* End XCBuildConfiguration section */

/* Begin XCConfigurationList section */
		E3ED323720E439FD005FC8B1 /* Build configuration list for PBXProject "Inventory" */ = {
			isa = XCConfigurationList;
			buildConfigurations = (
				E3ED324C20E439FF005FC8B1 /* Debug */,
				E3ED324D20E439FF005FC8B1 /* Release */,
			);
			defaultConfigurationIsVisible = 0;
			defaultConfigurationName = Release;
		};
		E3ED324E20E439FF005FC8B1 /* Build configuration list for PBXNativeTarget "Inventory" */ = {
			isa = XCConfigurationList;
			buildConfigurations = (
				E3ED324F20E439FF005FC8B1 /* Debug */,
				E3ED325020E439FF005FC8B1 /* Release */,
			);
			defaultConfigurationIsVisible = 0;
			defaultConfigurationName = Release;
		};
/* End XCConfigurationList section */

/* Begin XCRemoteSwiftPackageReference section */
		0D96C35D2DF86A2500C97743 /* XCRemoteSwiftPackageReference "DittoSwiftPackage" */ = {
			isa = XCRemoteSwiftPackageReference;
			repositoryURL = "https://github.com/getditto/DittoSwiftPackage";
			requirement = {
				kind = upToNextMajorVersion;
				minimumVersion = 4.13.1;
			};
		};
		0EC95D232B0BE9D8006A35A0 /* XCRemoteSwiftPackageReference "DittoSwiftTools" */ = {
			isa = XCRemoteSwiftPackageReference;
			repositoryURL = "https://github.com/getditto/DittoSwiftTools";
			requirement = {
				kind = upToNextMajorVersion;
				minimumVersion = 9.0.0;
			};
		};
		CCE8646329E59037007D822C /* XCRemoteSwiftPackageReference "Cartography" */ = {
			isa = XCRemoteSwiftPackageReference;
			repositoryURL = "https://github.com/robb/Cartography";
			requirement = {
				kind = upToNextMajorVersion;
				minimumVersion = 4.0.0;
			};
		};
/* End XCRemoteSwiftPackageReference section */

/* Begin XCSwiftPackageProductDependency section */
		0D96C35E2DF86A2500C97743 /* DittoObjC */ = {
			isa = XCSwiftPackageProductDependency;
			package = 0D96C35D2DF86A2500C97743 /* XCRemoteSwiftPackageReference "DittoSwiftPackage" */;
			productName = DittoObjC;
		};
		0D96C3602DF86A2500C97743 /* DittoSwift */ = {
			isa = XCSwiftPackageProductDependency;
			package = 0D96C35D2DF86A2500C97743 /* XCRemoteSwiftPackageReference "DittoSwiftPackage" */;
			productName = DittoSwift;
		};
		0EC95D242B0BE9D8006A35A0 /* DittoDataBrowser */ = {
			isa = XCSwiftPackageProductDependency;
			package = 0EC95D232B0BE9D8006A35A0 /* XCRemoteSwiftPackageReference "DittoSwiftTools" */;
			productName = DittoDataBrowser;
		};
		0EC95D262B0BE9D8006A35A0 /* DittoDiskUsage */ = {
			isa = XCSwiftPackageProductDependency;
			package = 0EC95D232B0BE9D8006A35A0 /* XCRemoteSwiftPackageReference "DittoSwiftTools" */;
			productName = DittoDiskUsage;
		};
		0EC95D2A2B0BE9D8006A35A0 /* DittoExportLogs */ = {
			isa = XCSwiftPackageProductDependency;
			package = 0EC95D232B0BE9D8006A35A0 /* XCRemoteSwiftPackageReference "DittoSwiftTools" */;
			productName = DittoExportLogs;
		};
		0EC95D2E2B0BE9D8006A35A0 /* DittoPresenceViewer */ = {
			isa = XCSwiftPackageProductDependency;
			package = 0EC95D232B0BE9D8006A35A0 /* XCRemoteSwiftPackageReference "DittoSwiftTools" */;
			productName = DittoPresenceViewer;
		};
		11C249E52DC37DB3009B65AA /* DittoAllToolsMenu */ = {
			isa = XCSwiftPackageProductDependency;
			package = 0EC95D232B0BE9D8006A35A0 /* XCRemoteSwiftPackageReference "DittoSwiftTools" */;
			productName = DittoAllToolsMenu;
		};
		CCE8646429E59037007D822C /* Cartography */ = {
			isa = XCSwiftPackageProductDependency;
			package = CCE8646329E59037007D822C /* XCRemoteSwiftPackageReference "Cartography" */;
			productName = Cartography;
		};
/* End XCSwiftPackageProductDependency section */
	};
	rootObject = E3ED323420E439FD005FC8B1 /* Project object */;
}
